
Microsoft Visual Studio Solution File, Format Version 12.00
# Visual Studio Version 17
VisualStudioVersion = 17.9.34714.143
MinimumVisualStudioVersion = 10.0.40219.1
Project("{FAE04EC0-301F-11D3-BF4B-00C04F79EFBC}") = "GraphicInterfaceLab1", "GraphicInterfaceLab1\GraphicInterfaceLab1.csproj", "{BFB2714A-FCC1-4E06-87B6-4F05CC52F879}"
EndProject
Global
	GlobalSection(SolutionConfigurationPlatforms) = preSolution
		Debug|Any CPU = Debug|Any CPU
		Release|Any CPU = Release|Any CPU
	EndGlobalSection
	GlobalSection(ProjectConfigurationPlatforms) = postSolution
		{BFB2714A-FCC1-4E06-87B6-4F05CC52F879}.Debug|Any CPU.ActiveCfg = Debug|Any CPU
		{BFB2714A-FCC1-4E06-87B6-4F05CC52F879}.Debug|Any CPU.Build.0 = Debug|Any CPU
		{BFB2714A-FCC1-4E06-87B6-4F05CC52F879}.Release|Any CPU.ActiveCfg = Release|Any CPU
		{BFB2714A-FCC1-4E06-87B6-4F05CC52F879}.Release|Any CPU.Build.0 = Release|Any CPU
	EndGlobalSection
	GlobalSection(SolutionProperties) = preSolution
		HideSolutionNode = FALSE
	EndGlobalSection
	GlobalSection(ExtensibilityGlobals) = postSolution
		SolutionGuid = {A5806001-1BEC-4443-AFB2-04194CD779F5}
	EndGlobalSection
EndGlobal
